
Microsoft Visual Studio Solution File, Format Version 12.00
# Visual Studio 15
VisualStudioVersion = 15.0.28307.136
MinimumVisualStudioVersion = 10.0.40219.1
Project("{8BC9CEB8-8B4A-11D0-8D11-00A0C91BC942}") = "RemoteTalkCeVIOCS", "RemoteTalkCeVIOCS\RemoteTalkCeVIOCS.vcxproj", "{FB5400AD-2B63-4C09-91EF-EB9FFD8D12F3}"
EndProject
Project("{8BC9CEB8-8B4A-11D0-8D11-00A0C91BC942}") = "RemoteTalkCeVIOCSHook", "RemoteTalkCeVIOCS\RemoteTalkCeVIOCSHook.vcxproj", "{62680C45-269B-4751-9FBD-774481C13873}"
EndProject
Project("{8BC9CEB8-8B4A-11D0-8D11-00A0C91BC942}") = "RemoteTalk", "RemoteTalk\RemoteTalk.vcxproj", "{FD3FE1FF-ABE5-40DB-B867-144E9DD9B23C}"
EndProject
Project("{8BC9CEB8-8B4A-11D0-8D11-00A0C91BC942}") = "setup", "setup.vcxproj", "{1C5DE91B-7AE9-4304-9FA1-0DE1ABA8C02D}"
EndProject
Project("{8BC9CEB8-8B4A-11D0-8D11-00A0C91BC942}") = "RemoteTalkVOICEROID2", "RemoteTalkVOICEROID\RemoteTalkVOICEROID2.vcxproj", "{CFCE6900-D825-40B5-BF66-5880DABC057D}"
EndProject
Project("{8BC9CEB8-8B4A-11D0-8D11-00A0C91BC942}") = "RemoteTalkVOICEROID2Hook", "RemoteTalkVOICEROID\RemoteTalkVOICEROID2Hook.vcxproj", "{5D93E237-1407-42D4-9F06-8064BEB518B3}"
EndProject
Global
	GlobalSection(SolutionConfigurationPlatforms) = preSolution
		Debug|x64 = Debug|x64
		Debug|x86 = Debug|x86
		Master|x64 = Master|x64
		Master|x86 = Master|x86
	EndGlobalSection
	GlobalSection(ProjectConfigurationPlatforms) = postSolution
		{FB5400AD-2B63-4C09-91EF-EB9FFD8D12F3}.Debug|x64.ActiveCfg = Debug|x64
		{FB5400AD-2B63-4C09-91EF-EB9FFD8D12F3}.Debug|x86.ActiveCfg = Debug|Win32
		{FB5400AD-2B63-4C09-91EF-EB9FFD8D12F3}.Debug|x86.Build.0 = Debug|Win32
		{FB5400AD-2B63-4C09-91EF-EB9FFD8D12F3}.Master|x64.ActiveCfg = Master|x64
		{FB5400AD-2B63-4C09-91EF-EB9FFD8D12F3}.Master|x86.ActiveCfg = Master|Win32
		{FB5400AD-2B63-4C09-91EF-EB9FFD8D12F3}.Master|x86.Build.0 = Master|Win32
		{62680C45-269B-4751-9FBD-774481C13873}.Debug|x64.ActiveCfg = Debug|x64
		{62680C45-269B-4751-9FBD-774481C13873}.Debug|x86.ActiveCfg = Debug|Win32
		{62680C45-269B-4751-9FBD-774481C13873}.Debug|x86.Build.0 = Debug|Win32
		{62680C45-269B-4751-9FBD-774481C13873}.Master|x64.ActiveCfg = Master|x64
		{62680C45-269B-4751-9FBD-774481C13873}.Master|x86.ActiveCfg = Master|Win32
		{62680C45-269B-4751-9FBD-774481C13873}.Master|x86.Build.0 = Master|Win32
		{FD3FE1FF-ABE5-40DB-B867-144E9DD9B23C}.Debug|x64.ActiveCfg = Debug|x64
		{FD3FE1FF-ABE5-40DB-B867-144E9DD9B23C}.Debug|x64.Build.0 = Debug|x64
		{FD3FE1FF-ABE5-40DB-B867-144E9DD9B23C}.Debug|x86.ActiveCfg = Debug|Win32
		{FD3FE1FF-ABE5-40DB-B867-144E9DD9B23C}.Debug|x86.Build.0 = Debug|Win32
		{FD3FE1FF-ABE5-40DB-B867-144E9DD9B23C}.Master|x64.ActiveCfg = Master|x64
		{FD3FE1FF-ABE5-40DB-B867-144E9DD9B23C}.Master|x64.Build.0 = Master|x64
		{FD3FE1FF-ABE5-40DB-B867-144E9DD9B23C}.Master|x86.ActiveCfg = Master|Win32
		{FD3FE1FF-ABE5-40DB-B867-144E9DD9B23C}.Master|x86.Build.0 = Master|Win32
		{1C5DE91B-7AE9-4304-9FA1-0DE1ABA8C02D}.Debug|x64.ActiveCfg = Master|x64
		{1C5DE91B-7AE9-4304-9FA1-0DE1ABA8C02D}.Debug|x64.Build.0 = Master|x64
		{1C5DE91B-7AE9-4304-9FA1-0DE1ABA8C02D}.Debug|x86.ActiveCfg = Master|Win32
		{1C5DE91B-7AE9-4304-9FA1-0DE1ABA8C02D}.Debug|x86.Build.0 = Master|Win32
		{1C5DE91B-7AE9-4304-9FA1-0DE1ABA8C02D}.Master|x64.ActiveCfg = Master|x64
		{1C5DE91B-7AE9-4304-9FA1-0DE1ABA8C02D}.Master|x64.Build.0 = Master|x64
		{1C5DE91B-7AE9-4304-9FA1-0DE1ABA8C02D}.Master|x86.ActiveCfg = Master|Win32
		{1C5DE91B-7AE9-4304-9FA1-0DE1ABA8C02D}.Master|x86.Build.0 = Master|Win32
		{CFCE6900-D825-40B5-BF66-5880DABC057D}.Debug|x64.ActiveCfg = Debug|x64
		{CFCE6900-D825-40B5-BF66-5880DABC057D}.Debug|x64.Build.0 = Debug|x64
		{CFCE6900-D825-40B5-BF66-5880DABC057D}.Debug|x86.ActiveCfg = Debug|Win32
		{CFCE6900-D825-40B5-BF66-5880DABC057D}.Debug|x86.Build.0 = Debug|Win32
		{CFCE6900-D825-40B5-BF66-5880DABC057D}.Master|x64.ActiveCfg = Master|x64
		{CFCE6900-D825-40B5-BF66-5880DABC057D}.Master|x64.Build.0 = Master|x64
		{CFCE6900-D825-40B5-BF66-5880DABC057D}.Master|x86.ActiveCfg = Master|Win32
		{CFCE6900-D825-40B5-BF66-5880DABC057D}.Master|x86.Build.0 = Master|Win32
		{5D93E237-1407-42D4-9F06-8064BEB518B3}.Debug|x64.ActiveCfg = Debug|x64
		{5D93E237-1407-42D4-9F06-8064BEB518B3}.Debug|x64.Build.0 = Debug|x64
		{5D93E237-1407-42D4-9F06-8064BEB518B3}.Debug|x86.ActiveCfg = Debug|Win32
		{5D93E237-1407-42D4-9F06-8064BEB518B3}.Debug|x86.Build.0 = Debug|Win32
		{5D93E237-1407-42D4-9F06-8064BEB518B3}.Master|x64.ActiveCfg = Master|x64
		{5D93E237-1407-42D4-9F06-8064BEB518B3}.Master|x64.Build.0 = Master|x64
		{5D93E237-1407-42D4-9F06-8064BEB518B3}.Master|x86.ActiveCfg = Master|Win32
		{5D93E237-1407-42D4-9F06-8064BEB518B3}.Master|x86.Build.0 = Master|Win32
	EndGlobalSection
	GlobalSection(SolutionProperties) = preSolution
		HideSolutionNode = FALSE
	EndGlobalSection
	GlobalSection(ExtensibilityGlobals) = postSolution
		SolutionGuid = {C9743450-D854-49E7-A1CA-D2663735B731}
	EndGlobalSection
EndGlobal
