<?xml version="1.0" encoding="utf-8"?>
<Project ToolsVersion="4.0" xmlns="http://schemas.microsoft.com/developer/msbuild/2003">
  <ItemGroup>
    <ClCompile Include="RemoteTalkFoundation\Hook.cpp">
      <Filter>RemoteTalkFoundation</Filter>
    </ClCompile>
    <ClCompile Include="RemoteTalkFoundation\pch.cpp">
      <Filter>RemoteTalkFoundation</Filter>
    </ClCompile>
    <ClCompile Include="RemoteTalkFoundation\HookWave.cpp">
      <Filter>RemoteTalkFoundation</Filter>
    </ClCompile>
  </ItemGroup>
  <ItemGroup>
    <ClInclude Include="RemoteTalkFoundation\Foundation.h">
      <Filter>RemoteTalkFoundation</Filter>
    </ClInclude>
    <ClInclude Include="RemoteTalkFoundation\Hook.h">
      <Filter>RemoteTalkFoundation</Filter>
    </ClInclude>
    <ClInclude Include="RemoteTalkFoundation\pch.h">
      <Filter>RemoteTalkFoundation</Filter>
    </ClInclude>
    <ClInclude Include="RemoteTalkFoundation\HookWave.h">
      <Filter>RemoteTalkFoundation</Filter>
    </ClInclude>
  </ItemGroup>
  <ItemGroup>
    <Filter Include="RemoteTalkFoundation">
      <UniqueIdentifier>{009bd5e7-91dd-44b9-9c11-ba76d04375d1}</UniqueIdentifier>
    </Filter>
  </ItemGroup>
</Project>