<?xml version="1.0" encoding="utf-8"?>
<Project ToolsVersion="15.0" xmlns="http://schemas.microsoft.com/developer/msbuild/2003">
  <ItemGroup>
    <Filter Include="RemoteTalkVOICEROID">
      <UniqueIdentifier>{bd75b368-3348-4315-a0cc-106f06d021dc}</UniqueIdentifier>
    </Filter>
  </ItemGroup>
  <ItemGroup>
    <ClCompile Include="RemoteTalkVOICEROID\RemoteTalkVOICEROID2.cpp">
      <Filter>RemoteTalkVOICEROID</Filter>
    </ClCompile>
    <ClCompile Include="RemoteTalkVOICEROID\pch.cpp">
      <Filter>RemoteTalkVOICEROID</Filter>
    </ClCompile>
  </ItemGroup>
  <ItemGroup>
    <ClInclude Include="RemoteTalkVOICEROID\pch.h">
      <Filter>RemoteTalkVOICEROID</Filter>
    </ClInclude>
  </ItemGroup>
</Project>