<?xml version="1.0" encoding="utf-8"?>
<Project ToolsVersion="4.0" xmlns="http://schemas.microsoft.com/developer/msbuild/2003">
  <ItemGroup>
    <Filter Include="RemoteTalkVOICEROID">
      <UniqueIdentifier>{cc4736c0-c4cd-4088-80eb-d2b2ab06a614}</UniqueIdentifier>
    </Filter>
  </ItemGroup>
  <ItemGroup>
    <ClInclude Include="RemoteTalkVOICEROID\pch.h">
      <Filter>RemoteTalkVOICEROID</Filter>
    </ClInclude>
  </ItemGroup>
  <ItemGroup>
    <ClCompile Include="RemoteTalkVOICEROID\pch.cpp">
      <Filter>RemoteTalkVOICEROID</Filter>
    </ClCompile>
    <ClCompile Include="RemoteTalkVOICEROID\RemoteTalkVOICEROID2Hook.cpp">
      <Filter>RemoteTalkVOICEROID</Filter>
    </ClCompile>
  </ItemGroup>
</Project>