
Microsoft Visual Studio Solution File, Format Version 12.00
# Visual Studio 15
VisualStudioVersion = 15.0.28307.136
MinimumVisualStudioVersion = 10.0.40219.1
Project("{8BC9CEB8-8B4A-11D0-8D11-00A0C91BC942}") = "RemoteTalkCeVIOCS", "RemoteTalkCeVIOCS\RemoteTalkCeVIOCS.vcxproj", "{FB5400AD-2B63-4C09-91EF-EB9FFD8D12F3}"
EndProject
Project("{8BC9CEB8-8B4A-11D0-8D11-00A0C91BC942}") = "RemoteTalkCeVIOCSHook", "RemoteTalkCeVIOCS\RemoteTalkCeVIOCSHook.vcxproj", "{62680C45-269B-4751-9FBD-774481C13873}"
EndProject
Project("{8BC9CEB8-8B4A-11D0-8D11-00A0C91BC942}") = "RemoteTalk", "RemoteTalk\RemoteTalk.vcxproj", "{FD3FE1FF-ABE5-40DB-B867-144E9DD9B23C}"
EndProject
Project("{8BC9CEB8-8B4A-11D0-8D11-00A0C91BC942}") = "setup", "setup.vcxproj", "{1C5DE91B-7AE9-4304-9FA1-0DE1ABA8C02D}"
EndProject
Project("{8BC9CEB8-8B4A-11D0-8D11-00A0C91BC942}") = "RemoteTalkVOICEROID2", "RemoteTalkVOICEROID\RemoteTalkVOICEROID2.vcxproj", "{CFCE6900-D825-40B5-BF66-5880DABC057D}"
EndProject
Project("{8BC9CEB8-8B4A-11D0-8D11-00A0C91BC942}") = "RemoteTalkVOICEROID2Hook", "RemoteTalkVOICEROID\RemoteTalkVOICEROID2Hook.vcxproj", "{5D93E237-1407-42D4-9F06-8064BEB518B3}"
EndProject
Project("{2150E333-8FDC-42A3-9474-1A3956D46DE8}") = "RemoteTalkVOICEROID", "RemoteTalkVOICEROID", "{4C86BFE1-AAA5-4DB1-83E1-34434E6680D5}"
EndProject
Project("{2150E333-8FDC-42A3-9474-1A3956D46DE8}") = "RemoteTalkCeVIOCS", "RemoteTalkCeVIOCS", "{38B41ECE-4FCE-4A22-B0A8-8ADC503DCECB}"
EndProject
Project("{8BC9CEB8-8B4A-11D0-8D11-00A0C91BC942}") = "RemoteTalkVOICEROID2Managed", "RemoteTalkVOICEROID\RemoteTalkVOICEROID2Managed.vcxproj", "{A792DDF2-A532-42EE-A5E7-27CD114CB374}"
EndProject
Project("{2150E333-8FDC-42A3-9474-1A3956D46DE8}") = "Test", "Test", "{777704A5-254B-492E-BDDA-0914A058FBEE}"
EndProject
Project("{8BC9CEB8-8B4A-11D0-8D11-00A0C91BC942}") = "Test", "Test\Test.vcxproj", "{E4763EDF-EBDE-456D-A549-E3922F36FD7C}"
EndProject
Project("{2150E333-8FDC-42A3-9474-1A3956D46DE8}") = "RemoteTalkClient", "RemoteTalkClient", "{61F6D84A-B808-459F-AA89-C1D179FA8714}"
EndProject
Project("{8BC9CEB8-8B4A-11D0-8D11-00A0C91BC942}") = "RemoteTalkClient", "RemoteTalkClient\RemoteTalkClient.vcxproj", "{089A99FE-C4E2-4987-9A69-43F917D465C2}"
EndProject
Global
	GlobalSection(SolutionConfigurationPlatforms) = preSolution
		Debug|x64 = Debug|x64
		Debug|x86 = Debug|x86
		Master|x64 = Master|x64
		Master|x86 = Master|x86
	EndGlobalSection
	GlobalSection(ProjectConfigurationPlatforms) = postSolution
		{FB5400AD-2B63-4C09-91EF-EB9FFD8D12F3}.Debug|x64.ActiveCfg = Debug|x64
		{FB5400AD-2B63-4C09-91EF-EB9FFD8D12F3}.Debug|x86.ActiveCfg = Debug|Win32
		{FB5400AD-2B63-4C09-91EF-EB9FFD8D12F3}.Debug|x86.Build.0 = Debug|Win32
		{FB5400AD-2B63-4C09-91EF-EB9FFD8D12F3}.Master|x64.ActiveCfg = Master|x64
		{FB5400AD-2B63-4C09-91EF-EB9FFD8D12F3}.Master|x86.ActiveCfg = Master|Win32
		{FB5400AD-2B63-4C09-91EF-EB9FFD8D12F3}.Master|x86.Build.0 = Master|Win32
		{62680C45-269B-4751-9FBD-774481C13873}.Debug|x64.ActiveCfg = Debug|x64
		{62680C45-269B-4751-9FBD-774481C13873}.Debug|x86.ActiveCfg = Debug|Win32
		{62680C45-269B-4751-9FBD-774481C13873}.Debug|x86.Build.0 = Debug|Win32
		{62680C45-269B-4751-9FBD-774481C13873}.Master|x64.ActiveCfg = Master|x64
		{62680C45-269B-4751-9FBD-774481C13873}.Master|x86.ActiveCfg = Master|Win32
		{62680C45-269B-4751-9FBD-774481C13873}.Master|x86.Build.0 = Master|Win32
		{FD3FE1FF-ABE5-40DB-B867-144E9DD9B23C}.Debug|x64.ActiveCfg = Debug|x64
		{FD3FE1FF-ABE5-40DB-B867-144E9DD9B23C}.Debug|x64.Build.0 = Debug|x64
		{FD3FE1FF-ABE5-40DB-B867-144E9DD9B23C}.Debug|x86.ActiveCfg = Debug|Win32
		{FD3FE1FF-ABE5-40DB-B867-144E9DD9B23C}.Debug|x86.Build.0 = Debug|Win32
		{FD3FE1FF-ABE5-40DB-B867-144E9DD9B23C}.Master|x64.ActiveCfg = Master|x64
		{FD3FE1FF-ABE5-40DB-B867-144E9DD9B23C}.Master|x64.Build.0 = Master|x64
		{FD3FE1FF-ABE5-40DB-B867-144E9DD9B23C}.Master|x86.ActiveCfg = Master|Win32
		{FD3FE1FF-ABE5-40DB-B867-144E9DD9B23C}.Master|x86.Build.0 = Master|Win32
		{1C5DE91B-7AE9-4304-9FA1-0DE1ABA8C02D}.Debug|x64.ActiveCfg = Master|x64
		{1C5DE91B-7AE9-4304-9FA1-0DE1ABA8C02D}.Debug|x64.Build.0 = Master|x64
		{1C5DE91B-7AE9-4304-9FA1-0DE1ABA8C02D}.Debug|x86.ActiveCfg = Master|Win32
		{1C5DE91B-7AE9-4304-9FA1-0DE1ABA8C02D}.Debug|x86.Build.0 = Master|Win32
		{1C5DE91B-7AE9-4304-9FA1-0DE1ABA8C02D}.Master|x64.ActiveCfg = Master|x64
		{1C5DE91B-7AE9-4304-9FA1-0DE1ABA8C02D}.Master|x64.Build.0 = Master|x64
		{1C5DE91B-7AE9-4304-9FA1-0DE1ABA8C02D}.Master|x86.ActiveCfg = Master|Win32
		{1C5DE91B-7AE9-4304-9FA1-0DE1ABA8C02D}.Master|x86.Build.0 = Master|Win32
		{CFCE6900-D825-40B5-BF66-5880DABC057D}.Debug|x64.ActiveCfg = Debug|x64
		{CFCE6900-D825-40B5-BF66-5880DABC057D}.Debug|x64.Build.0 = Debug|x64
		{CFCE6900-D825-40B5-BF66-5880DABC057D}.Debug|x86.ActiveCfg = Debug|Win32
		{CFCE6900-D825-40B5-BF66-5880DABC057D}.Debug|x86.Build.0 = Debug|Win32
		{CFCE6900-D825-40B5-BF66-5880DABC057D}.Master|x64.ActiveCfg = Master|x64
		{CFCE6900-D825-40B5-BF66-5880DABC057D}.Master|x64.Build.0 = Master|x64
		{CFCE6900-D825-40B5-BF66-5880DABC057D}.Master|x86.ActiveCfg = Master|Win32
		{CFCE6900-D825-40B5-BF66-5880DABC057D}.Master|x86.Build.0 = Master|Win32
		{5D93E237-1407-42D4-9F06-8064BEB518B3}.Debug|x64.ActiveCfg = Debug|x64
		{5D93E237-1407-42D4-9F06-8064BEB518B3}.Debug|x64.Build.0 = Debug|x64
		{5D93E237-1407-42D4-9F06-8064BEB518B3}.Debug|x86.ActiveCfg = Debug|Win32
		{5D93E237-1407-42D4-9F06-8064BEB518B3}.Debug|x86.Build.0 = Debug|Win32
		{5D93E237-1407-42D4-9F06-8064BEB518B3}.Master|x64.ActiveCfg = Master|x64
		{5D93E237-1407-42D4-9F06-8064BEB518B3}.Master|x64.Build.0 = Master|x64
		{5D93E237-1407-42D4-9F06-8064BEB518B3}.Master|x86.ActiveCfg = Master|Win32
		{5D93E237-1407-42D4-9F06-8064BEB518B3}.Master|x86.Build.0 = Master|Win32
		{A792DDF2-A532-42EE-A5E7-27CD114CB374}.Debug|x64.ActiveCfg = Debug|x64
		{A792DDF2-A532-42EE-A5E7-27CD114CB374}.Debug|x64.Build.0 = Debug|x64
		{A792DDF2-A532-42EE-A5E7-27CD114CB374}.Debug|x86.ActiveCfg = Debug|Win32
		{A792DDF2-A532-42EE-A5E7-27CD114CB374}.Debug|x86.Build.0 = Debug|Win32
		{A792DDF2-A532-42EE-A5E7-27CD114CB374}.Master|x64.ActiveCfg = Master|x64
		{A792DDF2-A532-42EE-A5E7-27CD114CB374}.Master|x64.Build.0 = Master|x64
		{A792DDF2-A532-42EE-A5E7-27CD114CB374}.Master|x86.ActiveCfg = Master|Win32
		{A792DDF2-A532-42EE-A5E7-27CD114CB374}.Master|x86.Build.0 = Master|Win32
		{E4763EDF-EBDE-456D-A549-E3922F36FD7C}.Debug|x64.ActiveCfg = Debug|x64
		{E4763EDF-EBDE-456D-A549-E3922F36FD7C}.Debug|x64.Build.0 = Debug|x64
		{E4763EDF-EBDE-456D-A549-E3922F36FD7C}.Debug|x86.ActiveCfg = Debug|Win32
		{E4763EDF-EBDE-456D-A549-E3922F36FD7C}.Debug|x86.Build.0 = Debug|Win32
		{E4763EDF-EBDE-456D-A549-E3922F36FD7C}.Master|x64.ActiveCfg = Master|x64
		{E4763EDF-EBDE-456D-A549-E3922F36FD7C}.Master|x64.Build.0 = Master|x64
		{E4763EDF-EBDE-456D-A549-E3922F36FD7C}.Master|x86.ActiveCfg = Master|Win32
		{E4763EDF-EBDE-456D-A549-E3922F36FD7C}.Master|x86.Build.0 = Master|Win32
		{089A99FE-C4E2-4987-9A69-43F917D465C2}.Debug|x64.ActiveCfg = Debug|x64
		{089A99FE-C4E2-4987-9A69-43F917D465C2}.Debug|x64.Build.0 = Debug|x64
		{089A99FE-C4E2-4987-9A69-43F917D465C2}.Debug|x86.ActiveCfg = Debug|Win32
		{089A99FE-C4E2-4987-9A69-43F917D465C2}.Debug|x86.Build.0 = Debug|Win32
		{089A99FE-C4E2-4987-9A69-43F917D465C2}.Master|x64.ActiveCfg = Master|x64
		{089A99FE-C4E2-4987-9A69-43F917D465C2}.Master|x64.Build.0 = Master|x64
		{089A99FE-C4E2-4987-9A69-43F917D465C2}.Master|x86.ActiveCfg = Master|Win32
		{089A99FE-C4E2-4987-9A69-43F917D465C2}.Master|x86.Build.0 = Master|Win32
	EndGlobalSection
	GlobalSection(SolutionProperties) = preSolution
		HideSolutionNode = FALSE
	EndGlobalSection
	GlobalSection(NestedProjects) = preSolution
		{FB5400AD-2B63-4C09-91EF-EB9FFD8D12F3} = {38B41ECE-4FCE-4A22-B0A8-8ADC503DCECB}
		{62680C45-269B-4751-9FBD-774481C13873} = {38B41ECE-4FCE-4A22-B0A8-8ADC503DCECB}
		{CFCE6900-D825-40B5-BF66-5880DABC057D} = {4C86BFE1-AAA5-4DB1-83E1-34434E6680D5}
		{5D93E237-1407-42D4-9F06-8064BEB518B3} = {4C86BFE1-AAA5-4DB1-83E1-34434E6680D5}
		{A792DDF2-A532-42EE-A5E7-27CD114CB374} = {4C86BFE1-AAA5-4DB1-83E1-34434E6680D5}
		{E4763EDF-EBDE-456D-A549-E3922F36FD7C} = {777704A5-254B-492E-BDDA-0914A058FBEE}
		{089A99FE-C4E2-4987-9A69-43F917D465C2} = {61F6D84A-B808-459F-AA89-C1D179FA8714}
	EndGlobalSection
	GlobalSection(ExtensibilityGlobals) = postSolution
		SolutionGuid = {C9743450-D854-49E7-A1CA-D2663735B731}
	EndGlobalSection
EndGlobal
